
Microsoft Visual Studio Solution File, Format Version 12.00
# Visual Studio Version 17
VisualStudioVersion = 17.6.33829.357
MinimumVisualStudioVersion = 10.0.40219.1
Project("{FAE04EC0-301F-11D3-BF4B-00C04F79EFBC}") = "IntVariables3", "IntVariables3\IntVariables3.csproj", "{B78CA9E3-D60E-48A9-81A4-B9880FA84089}"
EndProject
Global
	GlobalSection(SolutionConfigurationPlatforms) = preSolution
		Debug|Any CPU = Debug|Any CPU
		Release|Any CPU = Release|Any CPU
	EndGlobalSection
	GlobalSection(ProjectConfigurationPlatforms) = postSolution
		{B78CA9E3-D60E-48A9-81A4-B9880FA84089}.Debug|Any CPU.ActiveCfg = Debug|Any CPU
		{B78CA9E3-D60E-48A9-81A4-B9880FA84089}.Debug|Any CPU.Build.0 = Debug|Any CPU
		{B78CA9E3-D60E-48A9-81A4-B9880FA84089}.Release|Any CPU.ActiveCfg = Release|Any CPU
		{B78CA9E3-D60E-48A9-81A4-B9880FA84089}.Release|Any CPU.Build.0 = Release|Any CPU
	EndGlobalSection
	GlobalSection(SolutionProperties) = preSolution
		HideSolutionNode = FALSE
	EndGlobalSection
	GlobalSection(ExtensibilityGlobals) = postSolution
		SolutionGuid = {085527CA-3193-4D2A-A42C-168FB6A71B85}
	EndGlobalSection
EndGlobal
